{
  "name": "algorhythms",
  "version": "1.0.0",
  "lockfileVersion": 1,
  "requires": true,
  "dependencies": {
    "@types/node": {
      "version": "12.6.2",
      "resolved": "https://registry.npmjs.org/@types/node/-/node-12.6.2.tgz",
      "integrity": "sha512-gojym4tX0FWeV2gsW4Xmzo5wxGjXGm550oVUII7f7G5o4BV6c7DBdiG1RRQd+y1bvqRyYtPfMK85UM95vsapqQ==",
      "dev": true
    },
    "@types/ramda": {
      "version": "0.26.15",
      "resolved": "https://registry.npmjs.org/@types/ramda/-/ramda-0.26.15.tgz",
      "integrity": "sha512-kmIO8GVOLv0A8UxFr5lJaqp4g8jbXNhH0grBaPL6NgkOqSirRKpV9+5DTmIDXTyq2G18YMdxDhnScEZtY4brtQ==",
      "dev": true
    },
    "ramda": {
      "version": "0.26.1",
      "resolved": "https://registry.npmjs.org/ramda/-/ramda-0.26.1.tgz",
      "integrity": "sha512-hLWjpy7EnsDBb0p+Z3B7rPi3GDeRG5ZtiI33kJhTt+ORCd38AbAIjB/9zRIUoeTbE/AVX5ZkU7m6bznsvrf8eQ=="
    }
  }
}
